
Microsoft Visual Studio Solution File, Format Version 12.00
# Visual Studio Version 17
VisualStudioVersion = 17.8.34511.84
MinimumVisualStudioVersion = 10.0.40219.1
Project("{FAE04EC0-301F-11D3-BF4B-00C04F79EFBC}") = "PrimeiroProjeto", "PrimeiroProjeto\PrimeiroProjeto.csproj", "{FEFBCCE6-B442-4F08-8818-520B48B1BAF9}"
EndProject
Global
	GlobalSection(SolutionConfigurationPlatforms) = preSolution
		Debug|Any CPU = Debug|Any CPU
		Release|Any CPU = Release|Any CPU
	EndGlobalSection
	GlobalSection(ProjectConfigurationPlatforms) = postSolution
		{FEFBCCE6-B442-4F08-8818-520B48B1BAF9}.Debug|Any CPU.ActiveCfg = Debug|Any CPU
		{FEFBCCE6-B442-4F08-8818-520B48B1BAF9}.Debug|Any CPU.Build.0 = Debug|Any CPU
		{FEFBCCE6-B442-4F08-8818-520B48B1BAF9}.Release|Any CPU.ActiveCfg = Release|Any CPU
		{FEFBCCE6-B442-4F08-8818-520B48B1BAF9}.Release|Any CPU.Build.0 = Release|Any CPU
	EndGlobalSection
	GlobalSection(SolutionProperties) = preSolution
		HideSolutionNode = FALSE
	EndGlobalSection
	GlobalSection(ExtensibilityGlobals) = postSolution
		SolutionGuid = {BBED42A5-7A63-4A71-BF6B-B9C9B125F6AC}
	EndGlobalSection
EndGlobal
